
Microsoft Visual Studio Solution File, Format Version 12.00
# Visual Studio Version 17
VisualStudioVersion = 17.4.33110.190
MinimumVisualStudioVersion = 10.0.40219.1
Project("{FAE04EC0-301F-11D3-BF4B-00C04F79EFBC}") = "Client", "Client\Client.csproj", "{A558C55A-B9F3-4795-BF17-B3483CAD3E21}"
EndProject
Project("{FAE04EC0-301F-11D3-BF4B-00C04F79EFBC}") = "Server", "Server\Server.csproj", "{DBE505D6-7ECF-4018-AE7C-500AC879A9A3}"
EndProject
Global
	GlobalSection(SolutionConfigurationPlatforms) = preSolution
		Debug|Any CPU = Debug|Any CPU
		Release|Any CPU = Release|Any CPU
	EndGlobalSection
	GlobalSection(ProjectConfigurationPlatforms) = postSolution
		{A558C55A-B9F3-4795-BF17-B3483CAD3E21}.Debug|Any CPU.ActiveCfg = Debug|Any CPU
		{A558C55A-B9F3-4795-BF17-B3483CAD3E21}.Debug|Any CPU.Build.0 = Debug|Any CPU
		{A558C55A-B9F3-4795-BF17-B3483CAD3E21}.Release|Any CPU.ActiveCfg = Release|Any CPU
		{A558C55A-B9F3-4795-BF17-B3483CAD3E21}.Release|Any CPU.Build.0 = Release|Any CPU
		{DBE505D6-7ECF-4018-AE7C-500AC879A9A3}.Debug|Any CPU.ActiveCfg = Debug|Any CPU
		{DBE505D6-7ECF-4018-AE7C-500AC879A9A3}.Debug|Any CPU.Build.0 = Debug|Any CPU
		{DBE505D6-7ECF-4018-AE7C-500AC879A9A3}.Release|Any CPU.ActiveCfg = Release|Any CPU
		{DBE505D6-7ECF-4018-AE7C-500AC879A9A3}.Release|Any CPU.Build.0 = Release|Any CPU
	EndGlobalSection
	GlobalSection(SolutionProperties) = preSolution
		HideSolutionNode = FALSE
	EndGlobalSection
	GlobalSection(ExtensibilityGlobals) = postSolution
		SolutionGuid = {F05D883D-F8B9-4011-A01A-08ABF4CB403F}
	EndGlobalSection
EndGlobal
